
Microsoft Visual Studio Solution File, Format Version 12.00
# Visual Studio Version 17
VisualStudioVersion = 17.11.35327.3
MinimumVisualStudioVersion = 10.0.40219.1
Project("{FAE04EC0-301F-11D3-BF4B-00C04F79EFBC}") = "RobotSimulator", "RobotSimulator\RobotSimulator.csproj", "{D05701F7-09D4-4D32-A546-BA0E2659867E}"
EndProject
Global
	GlobalSection(SolutionConfigurationPlatforms) = preSolution
		Debug|Any CPU = Debug|Any CPU
		Release|Any CPU = Release|Any CPU
	EndGlobalSection
	GlobalSection(ProjectConfigurationPlatforms) = postSolution
		{D05701F7-09D4-4D32-A546-BA0E2659867E}.Debug|Any CPU.ActiveCfg = Debug|Any CPU
		{D05701F7-09D4-4D32-A546-BA0E2659867E}.Debug|Any CPU.Build.0 = Debug|Any CPU
		{D05701F7-09D4-4D32-A546-BA0E2659867E}.Release|Any CPU.ActiveCfg = Release|Any CPU
		{D05701F7-09D4-4D32-A546-BA0E2659867E}.Release|Any CPU.Build.0 = Release|Any CPU
	EndGlobalSection
	GlobalSection(SolutionProperties) = preSolution
		HideSolutionNode = FALSE
	EndGlobalSection
	GlobalSection(ExtensibilityGlobals) = postSolution
		SolutionGuid = {4BEA7590-9118-4711-8817-7CE84150BF8D}
	EndGlobalSection
EndGlobal
